// !$*UTF8*$!
{
	archiveVersion = 1;
	classes = {
	};
	objectVersion = 46;
	objects = {

/* Begin PBXBuildFile section */
		20CB8D811AEBCFAF0007B738 /* main.m in Sources */ = {isa = PBXBuildFile; fileRef = 20CB8D801AEBCFAF0007B738 /* main.m */; };
		20CB8D851AEBCFBD0007B738 /* AppDelegate.m in Sources */ = {isa = PBXBuildFile; fileRef = 20CB8D841AEBCFBD0007B738 /* AppDelegate.m */; };
		20CB8D881AEBCFC40007B738 /* ViewController.m in Sources */ = {isa = PBXBuildFile; fileRef = 20CB8D871AEBCFC40007B738 /* ViewController.m */; };
		20CB8D8B1AEBCFE30007B738 /* InfoPlist.strings in Resources */ = {isa = PBXBuildFile; fileRef = 20CB8D891AEBCFE30007B738 /* InfoPlist.strings */; };
		20CB8D951AEBCFF30007B738 /* Regex Highlight View-Info.plist in Resources */ = {isa = PBXBuildFile; fileRef = 20CB8D941AEBCFF30007B738 /* Regex Highlight View-Info.plist */; };
		20CB8DED1AEBD01C0007B738 /* RegexTextView.m in Sources */ = {isa = PBXBuildFile; fileRef = 20CB8D981AEBD01C0007B738 /* RegexTextView.m */; };
		20CB8DEE1AEBD01C0007B738 /* actionscript.plist in Resources */ = {isa = PBXBuildFile; fileRef = 20CB8D9A1AEBD01C0007B738 /* actionscript.plist */; };
		20CB8DEF1AEBD01C0007B738 /* actionscript3.plist in Resources */ = {isa = PBXBuildFile; fileRef = 20CB8D9B1AEBD01C0007B738 /* actionscript3.plist */; };
		20CB8DF01AEBD01C0007B738 /* active4d.plist in Resources */ = {isa = PBXBuildFile; fileRef = 20CB8D9C1AEBD01C0007B738 /* active4d.plist */; };
		20CB8DF11AEBD01C0007B738 /* ada.plist in Resources */ = {isa = PBXBuildFile; fileRef = 20CB8D9D1AEBD01C0007B738 /* ada.plist */; };
		20CB8DF21AEBD01C0007B738 /* ampl.plist in Resources */ = {isa = PBXBuildFile; fileRef = 20CB8D9E1AEBD01C0007B738 /* ampl.plist */; };
		20CB8DF31AEBD01C0007B738 /* apache.plist in Resources */ = {isa = PBXBuildFile; fileRef = 20CB8D9F1AEBD01C0007B738 /* apache.plist */; };
		20CB8DF41AEBD01C0007B738 /* applescript.plist in Resources */ = {isa = PBXBuildFile; fileRef = 20CB8DA01AEBD01C0007B738 /* applescript.plist */; };
		20CB8DF51AEBD01C0007B738 /* asm-mips.plist in Resources */ = {isa = PBXBuildFile; fileRef = 20CB8DA11AEBD01C0007B738 /* asm-mips.plist */; };
		20CB8DF61AEBD01C0007B738 /* asm-x86.plist in Resources */ = {isa = PBXBuildFile; fileRef = 20CB8DA21AEBD01C0007B738 /* asm-x86.plist */; };
		20CB8DF71AEBD01C0007B738 /* asp-js.plist in Resources */ = {isa = PBXBuildFile; fileRef = 20CB8DA31AEBD01C0007B738 /* asp-js.plist */; };
		20CB8DF81AEBD01C0007B738 /* asp-vb.plist in Resources */ = {isa = PBXBuildFile; fileRef = 20CB8DA41AEBD01C0007B738 /* asp-vb.plist */; };
		20CB8DF91AEBD01C0007B738 /* aspdotnet-cs.plist in Resources */ = {isa = PBXBuildFile; fileRef = 20CB8DA51AEBD01C0007B738 /* aspdotnet-cs.plist */; };
		20CB8DFA1AEBD01C0007B738 /* aspdotnet-vb.plist in Resources */ = {isa = PBXBuildFile; fileRef = 20CB8DA61AEBD01C0007B738 /* aspdotnet-vb.plist */; };
		20CB8DFB1AEBD01C0007B738 /* awk.plist in Resources */ = {isa = PBXBuildFile; fileRef = 20CB8DA71AEBD01C0007B738 /* awk.plist */; };
		20CB8DFC1AEBD01C0007B738 /* batch.plist in Resources */ = {isa = PBXBuildFile; fileRef = 20CB8DA81AEBD01C0007B738 /* batch.plist */; };
		20CB8DFD1AEBD01C0007B738 /* c.plist in Resources */ = {isa = PBXBuildFile; fileRef = 20CB8DA91AEBD01C0007B738 /* c.plist */; };
		20CB8DFE1AEBD01C0007B738 /* cobol.plist in Resources */ = {isa = PBXBuildFile; fileRef = 20CB8DAA1AEBD01C0007B738 /* cobol.plist */; };
		20CB8DFF1AEBD01C0007B738 /* coldfusion.plist in Resources */ = {isa = PBXBuildFile; fileRef = 20CB8DAB1AEBD01C0007B738 /* coldfusion.plist */; };
		20CB8E001AEBD01C0007B738 /* cpp.plist in Resources */ = {isa = PBXBuildFile; fileRef = 20CB8DAC1AEBD01C0007B738 /* cpp.plist */; };
		20CB8E011AEBD01C0007B738 /* csharp.plist in Resources */ = {isa = PBXBuildFile; fileRef = 20CB8DAD1AEBD01C0007B738 /* csharp.plist */; };
		20CB8E021AEBD01C0007B738 /* csound.plist in Resources */ = {isa = PBXBuildFile; fileRef = 20CB8DAE1AEBD01C0007B738 /* csound.plist */; };
		20CB8E031AEBD01C0007B738 /* css.plist in Resources */ = {isa = PBXBuildFile; fileRef = 20CB8DAF1AEBD01C0007B738 /* css.plist */; };
		20CB8E041AEBD01C0007B738 /* d.plist in Resources */ = {isa = PBXBuildFile; fileRef = 20CB8DB01AEBD01C0007B738 /* d.plist */; };
		20CB8E051AEBD01C0007B738 /* dylan.plist in Resources */ = {isa = PBXBuildFile; fileRef = 20CB8DB11AEBD01C0007B738 /* dylan.plist */; };
		20CB8E061AEBD01C0007B738 /* eiffel.plist in Resources */ = {isa = PBXBuildFile; fileRef = 20CB8DB21AEBD01C0007B738 /* eiffel.plist */; };
		20CB8E071AEBD01C0007B738 /* erl.plist in Resources */ = {isa = PBXBuildFile; fileRef = 20CB8DB31AEBD01C0007B738 /* erl.plist */; };
		20CB8E081AEBD01C0007B738 /* eztpl.plist in Resources */ = {isa = PBXBuildFile; fileRef = 20CB8DB41AEBD01C0007B738 /* eztpl.plist */; };
		20CB8E091AEBD01C0007B738 /* fortran.plist in Resources */ = {isa = PBXBuildFile; fileRef = 20CB8DB51AEBD01C0007B738 /* fortran.plist */; };
		20CB8E0A1AEBD01C0007B738 /* freefem.plist in Resources */ = {isa = PBXBuildFile; fileRef = 20CB8DB61AEBD01C0007B738 /* freefem.plist */; };
		20CB8E0B1AEBD01C0007B738 /* gedcom.plist in Resources */ = {isa = PBXBuildFile; fileRef = 20CB8DB71AEBD01C0007B738 /* gedcom.plist */; };
		20CB8E0C1AEBD01C0007B738 /* gnuassembler.plist in Resources */ = {isa = PBXBuildFile; fileRef = 20CB8DB81AEBD01C0007B738 /* gnuassembler.plist */; };
		20CB8E0D1AEBD01C0007B738 /* haskell.plist in Resources */ = {isa = PBXBuildFile; fileRef = 20CB8DB91AEBD01C0007B738 /* haskell.plist */; };
		20CB8E0E1AEBD01C0007B738 /* header.plist in Resources */ = {isa = PBXBuildFile; fileRef = 20CB8DBA1AEBD01C0007B738 /* header.plist */; };
		20CB8E0F1AEBD01C0007B738 /* html.plist in Resources */ = {isa = PBXBuildFile; fileRef = 20CB8DBB1AEBD01C0007B738 /* html.plist */; };
		20CB8E101AEBD01C0007B738 /* idl.plist in Resources */ = {isa = PBXBuildFile; fileRef = 20CB8DBC1AEBD01C0007B738 /* idl.plist */; };
		20CB8E111AEBD01C0007B738 /* java.plist in Resources */ = {isa = PBXBuildFile; fileRef = 20CB8DBD1AEBD01C0007B738 /* java.plist */; };
		20CB8E121AEBD01C0007B738 /* javafx.plist in Resources */ = {isa = PBXBuildFile; fileRef = 20CB8DBE1AEBD01C0007B738 /* javafx.plist */; };
		20CB8E131AEBD01C0007B738 /* javascript.plist in Resources */ = {isa = PBXBuildFile; fileRef = 20CB8DBF1AEBD01C0007B738 /* javascript.plist */; };
		20CB8E141AEBD01C0007B738 /* jsp.plist in Resources */ = {isa = PBXBuildFile; fileRef = 20CB8DC01AEBD01C0007B738 /* jsp.plist */; };
		20CB8E151AEBD01C0007B738 /* latex.plist in Resources */ = {isa = PBXBuildFile; fileRef = 20CB8DC11AEBD01C0007B738 /* latex.plist */; };
		20CB8E161AEBD01C0007B738 /* lilypond.plist in Resources */ = {isa = PBXBuildFile; fileRef = 20CB8DC21AEBD01C0007B738 /* lilypond.plist */; };
		20CB8E171AEBD01C0007B738 /* lisp.plist in Resources */ = {isa = PBXBuildFile; fileRef = 20CB8DC31AEBD01C0007B738 /* lisp.plist */; };
		20CB8E181AEBD01C0007B738 /* logtalk.plist in Resources */ = {isa = PBXBuildFile; fileRef = 20CB8DC41AEBD01C0007B738 /* logtalk.plist */; };
		20CB8E191AEBD01C0007B738 /* lsl.plist in Resources */ = {isa = PBXBuildFile; fileRef = 20CB8DC51AEBD01C0007B738 /* lsl.plist */; };
		20CB8E1A1AEBD01C0007B738 /* lua.plist in Resources */ = {isa = PBXBuildFile; fileRef = 20CB8DC61AEBD01C0007B738 /* lua.plist */; };
		20CB8E1B1AEBD01C0007B738 /* matlab.plist in Resources */ = {isa = PBXBuildFile; fileRef = 20CB8DC71AEBD01C0007B738 /* matlab.plist */; };
		20CB8E1C1AEBD01C0007B738 /* mel.plist in Resources */ = {isa = PBXBuildFile; fileRef = 20CB8DC81AEBD01C0007B738 /* mel.plist */; };
		20CB8E1D1AEBD01C0007B738 /* metapost.plist in Resources */ = {isa = PBXBuildFile; fileRef = 20CB8DC91AEBD01C0007B738 /* metapost.plist */; };
		20CB8E1E1AEBD01C0007B738 /* metaslang.plist in Resources */ = {isa = PBXBuildFile; fileRef = 20CB8DCA1AEBD01C0007B738 /* metaslang.plist */; };
		20CB8E1F1AEBD01C0007B738 /* mysql.plist in Resources */ = {isa = PBXBuildFile; fileRef = 20CB8DCB1AEBD01C0007B738 /* mysql.plist */; };
		20CB8E201AEBD01C0007B738 /* nemerle.plist in Resources */ = {isa = PBXBuildFile; fileRef = 20CB8DCC1AEBD01C0007B738 /* nemerle.plist */; };
		20CB8E211AEBD01C0007B738 /* none.plist in Resources */ = {isa = PBXBuildFile; fileRef = 20CB8DCD1AEBD01C0007B738 /* none.plist */; };
		20CB8E221AEBD01C0007B738 /* nrnhoc.plist in Resources */ = {isa = PBXBuildFile; fileRef = 20CB8DCE1AEBD01C0007B738 /* nrnhoc.plist */; };
		20CB8E231AEBD01C0007B738 /* objectivec.plist in Resources */ = {isa = PBXBuildFile; fileRef = 20CB8DCF1AEBD01C0007B738 /* objectivec.plist */; };
		20CB8E241AEBD01C0007B738 /* objectivecaml.plist in Resources */ = {isa = PBXBuildFile; fileRef = 20CB8DD01AEBD01C0007B738 /* objectivecaml.plist */; };
		20CB8E251AEBD01C0007B738 /* ox.plist in Resources */ = {isa = PBXBuildFile; fileRef = 20CB8DD11AEBD01C0007B738 /* ox.plist */; };
		20CB8E261AEBD01C0007B738 /* pascal.plist in Resources */ = {isa = PBXBuildFile; fileRef = 20CB8DD21AEBD01C0007B738 /* pascal.plist */; };
		20CB8E271AEBD01C0007B738 /* pdf.plist in Resources */ = {isa = PBXBuildFile; fileRef = 20CB8DD31AEBD01C0007B738 /* pdf.plist */; };
		20CB8E281AEBD01C0007B738 /* perl.plist in Resources */ = {isa = PBXBuildFile; fileRef = 20CB8DD41AEBD01C0007B738 /* perl.plist */; };
		20CB8E291AEBD01C0007B738 /* php.plist in Resources */ = {isa = PBXBuildFile; fileRef = 20CB8DD51AEBD01C0007B738 /* php.plist */; };
		20CB8E2A1AEBD01C0007B738 /* plist.plist in Resources */ = {isa = PBXBuildFile; fileRef = 20CB8DD61AEBD01C0007B738 /* plist.plist */; };
		20CB8E2B1AEBD01C0007B738 /* postscript.plist in Resources */ = {isa = PBXBuildFile; fileRef = 20CB8DD71AEBD01C0007B738 /* postscript.plist */; };
		20CB8E2C1AEBD01C0007B738 /* prolog.plist in Resources */ = {isa = PBXBuildFile; fileRef = 20CB8DD81AEBD01C0007B738 /* prolog.plist */; };
		20CB8E2D1AEBD01C0007B738 /* python.plist in Resources */ = {isa = PBXBuildFile; fileRef = 20CB8DD91AEBD01C0007B738 /* python.plist */; };
		20CB8E2E1AEBD01C0007B738 /* r.plist in Resources */ = {isa = PBXBuildFile; fileRef = 20CB8DDA1AEBD01C0007B738 /* r.plist */; };
		20CB8E2F1AEBD01C0007B738 /* rhtml.plist in Resources */ = {isa = PBXBuildFile; fileRef = 20CB8DDB1AEBD01C0007B738 /* rhtml.plist */; };
		20CB8E301AEBD01C0007B738 /* ruby.plist in Resources */ = {isa = PBXBuildFile; fileRef = 20CB8DDC1AEBD01C0007B738 /* ruby.plist */; };
		20CB8E311AEBD01C0007B738 /* scala.plist in Resources */ = {isa = PBXBuildFile; fileRef = 20CB8DDD1AEBD01C0007B738 /* scala.plist */; };
		20CB8E321AEBD01C0007B738 /* sgml.plist in Resources */ = {isa = PBXBuildFile; fileRef = 20CB8DDE1AEBD01C0007B738 /* sgml.plist */; };
		20CB8E331AEBD01C0007B738 /* shell.plist in Resources */ = {isa = PBXBuildFile; fileRef = 20CB8DDF1AEBD01C0007B738 /* shell.plist */; };
		20CB8E341AEBD01C0007B738 /* sml.plist in Resources */ = {isa = PBXBuildFile; fileRef = 20CB8DE01AEBD01C0007B738 /* sml.plist */; };
		20CB8E351AEBD01C0007B738 /* sql.plist in Resources */ = {isa = PBXBuildFile; fileRef = 20CB8DE11AEBD01C0007B738 /* sql.plist */; };
		20CB8E361AEBD01C0007B738 /* standard.plist in Resources */ = {isa = PBXBuildFile; fileRef = 20CB8DE21AEBD01C0007B738 /* standard.plist */; };
		20CB8E371AEBD01C0007B738 /* stata.plist in Resources */ = {isa = PBXBuildFile; fileRef = 20CB8DE31AEBD01C0007B738 /* stata.plist */; };
		20CB8E381AEBD01C0007B738 /* supercollider.plist in Resources */ = {isa = PBXBuildFile; fileRef = 20CB8DE41AEBD01C0007B738 /* supercollider.plist */; };
		20CB8E391AEBD01C0007B738 /* tcltk.plist in Resources */ = {isa = PBXBuildFile; fileRef = 20CB8DE51AEBD01C0007B738 /* tcltk.plist */; };
		20CB8E3A1AEBD01C0007B738 /* template.plist in Resources */ = {isa = PBXBuildFile; fileRef = 20CB8DE61AEBD01C0007B738 /* template.plist */; };
		20CB8E3B1AEBD01C0007B738 /* torquescript.plist in Resources */ = {isa = PBXBuildFile; fileRef = 20CB8DE71AEBD01C0007B738 /* torquescript.plist */; };
		20CB8E3C1AEBD01C0007B738 /* udo.plist in Resources */ = {isa = PBXBuildFile; fileRef = 20CB8DE81AEBD01C0007B738 /* udo.plist */; };
		20CB8E3D1AEBD01C0007B738 /* vb.plist in Resources */ = {isa = PBXBuildFile; fileRef = 20CB8DE91AEBD01C0007B738 /* vb.plist */; };
		20CB8E3E1AEBD01C0007B738 /* verilog.plist in Resources */ = {isa = PBXBuildFile; fileRef = 20CB8DEA1AEBD01C0007B738 /* verilog.plist */; };
		20CB8E3F1AEBD01C0007B738 /* vhdl.plist in Resources */ = {isa = PBXBuildFile; fileRef = 20CB8DEB1AEBD01C0007B738 /* vhdl.plist */; };
		20CB8E401AEBD01C0007B738 /* xml.plist in Resources */ = {isa = PBXBuildFile; fileRef = 20CB8DEC1AEBD01C0007B738 /* xml.plist */; };
		20CB8E431AEBD0460007B738 /* RegexHighlightView.m in Sources */ = {isa = PBXBuildFile; fileRef = 20CB8E421AEBD0460007B738 /* RegexHighlightView.m */; };
		20CB8E461AEBD07E0007B738 /* RegexConstants.m in Sources */ = {isa = PBXBuildFile; fileRef = 20CB8E451AEBD07E0007B738 /* RegexConstants.m */; };
		20CB8E491AEBD1390007B738 /* RegexDrawView.m in Sources */ = {isa = PBXBuildFile; fileRef = 20CB8E481AEBD1390007B738 /* RegexDrawView.m */; };
		20CB8E4D1AEBD5770007B738 /* Languages.plist in Resources */ = {isa = PBXBuildFile; fileRef = 20CB8E4C1AEBD5770007B738 /* Languages.plist */; };
		20E8FE471AEDC0590020CC20 /* Images.xcassets in Resources */ = {isa = PBXBuildFile; fileRef = 20E8FE461AEDC0590020CC20 /* Images.xcassets */; };
		F790108515F014D200C297D7 /* UIKit.framework in Frameworks */ = {isa = PBXBuildFile; fileRef = F790108415F014D200C297D7 /* UIKit.framework */; };
		F790108715F014D200C297D7 /* Foundation.framework in Frameworks */ = {isa = PBXBuildFile; fileRef = F790108615F014D200C297D7 /* Foundation.framework */; };
		F790108915F014D200C297D7 /* CoreGraphics.framework in Frameworks */ = {isa = PBXBuildFile; fileRef = F790108815F014D200C297D7 /* CoreGraphics.framework */; };
		F790114E15F016AE00C297D7 /* CoreText.framework in Frameworks */ = {isa = PBXBuildFile; fileRef = F790114D15F016AE00C297D7 /* CoreText.framework */; };
/* End PBXBuildFile section */

/* Begin PBXFileReference section */
		20CB8D801AEBCFAF0007B738 /* main.m */ = {isa = PBXFileReference; fileEncoding = 4; lastKnownFileType = sourcecode.c.objc; name = main.m; path = Demo/main.m; sourceTree = SOURCE_ROOT; };
		20CB8D821AEBCFB60007B738 /* Regex Highlight View-Prefix.pch */ = {isa = PBXFileReference; lastKnownFileType = sourcecode.c.h; name = "Regex Highlight View-Prefix.pch"; path = "Demo/Regex Highlight View-Prefix.pch"; sourceTree = SOURCE_ROOT; };
		20CB8D831AEBCFBD0007B738 /* AppDelegate.h */ = {isa = PBXFileReference; fileEncoding = 4; lastKnownFileType = sourcecode.c.h; name = AppDelegate.h; path = Demo/AppDelegate.h; sourceTree = SOURCE_ROOT; };
		20CB8D841AEBCFBD0007B738 /* AppDelegate.m */ = {isa = PBXFileReference; fileEncoding = 4; lastKnownFileType = sourcecode.c.objc; name = AppDelegate.m; path = Demo/AppDelegate.m; sourceTree = SOURCE_ROOT; };
		20CB8D861AEBCFC40007B738 /* ViewController.h */ = {isa = PBXFileReference; fileEncoding = 4; lastKnownFileType = sourcecode.c.h; name = ViewController.h; path = Demo/ViewController.h; sourceTree = SOURCE_ROOT; };
		20CB8D871AEBCFC40007B738 /* ViewController.m */ = {isa = PBXFileReference; fileEncoding = 4; lastKnownFileType = sourcecode.c.objc; name = ViewController.m; path = Demo/ViewController.m; sourceTree = SOURCE_ROOT; };
		20CB8D8A1AEBCFE30007B738 /* en */ = {isa = PBXFileReference; lastKnownFileType = text.plist.strings; name = en; path = Demo/en.lproj/InfoPlist.strings; sourceTree = SOURCE_ROOT; };
		20CB8D941AEBCFF30007B738 /* Regex Highlight View-Info.plist */ = {isa = PBXFileReference; fileEncoding = 4; lastKnownFileType = text.plist.xml; name = "Regex Highlight View-Info.plist"; path = "Demo/Regex Highlight View-Info.plist"; sourceTree = SOURCE_ROOT; };
		20CB8D971AEBD01C0007B738 /* RegexTextView.h */ = {isa = PBXFileReference; fileEncoding = 4; lastKnownFileType = sourcecode.c.h; path = RegexTextView.h; sourceTree = "<group>"; };
		20CB8D981AEBD01C0007B738 /* RegexTextView.m */ = {isa = PBXFileReference; fileEncoding = 4; lastKnownFileType = sourcecode.c.objc; path = RegexTextView.m; sourceTree = "<group>"; };
		20CB8D9A1AEBD01C0007B738 /* actionscript.plist */ = {isa = PBXFileReference; fileEncoding = 4; lastKnownFileType = text.plist.xml; path = actionscript.plist; sourceTree = "<group>"; };
		20CB8D9B1AEBD01C0007B738 /* actionscript3.plist */ = {isa = PBXFileReference; fileEncoding = 4; lastKnownFileType = text.plist.xml; path = actionscript3.plist; sourceTree = "<group>"; };
		20CB8D9C1AEBD01C0007B738 /* active4d.plist */ = {isa = PBXFileReference; fileEncoding = 4; lastKnownFileType = text.plist.xml; path = active4d.plist; sourceTree = "<group>"; };
		20CB8D9D1AEBD01C0007B738 /* ada.plist */ = {isa = PBXFileReference; fileEncoding = 4; lastKnownFileType = text.plist.xml; path = ada.plist; sourceTree = "<group>"; };
		20CB8D9E1AEBD01C0007B738 /* ampl.plist */ = {isa = PBXFileReference; fileEncoding = 4; lastKnownFileType = text.plist.xml; path = ampl.plist; sourceTree = "<group>"; };
		20CB8D9F1AEBD01C0007B738 /* apache.plist */ = {isa = PBXFileReference; fileEncoding = 4; lastKnownFileType = text.plist.xml; path = apache.plist; sourceTree = "<group>"; };
		20CB8DA01AEBD01C0007B738 /* applescript.plist */ = {isa = PBXFileReference; fileEncoding = 4; lastKnownFileType = text.plist.xml; path = applescript.plist; sourceTree = "<group>"; };
		20CB8DA11AEBD01C0007B738 /* asm-mips.plist */ = {isa = PBXFileReference; fileEncoding = 4; lastKnownFileType = text.plist.xml; path = "asm-mips.plist"; sourceTree = "<group>"; };
		20CB8DA21AEBD01C0007B738 /* asm-x86.plist */ = {isa = PBXFileReference; fileEncoding = 4; lastKnownFileType = text.plist.xml; path = "asm-x86.plist"; sourceTree = "<group>"; };
		20CB8DA31AEBD01C0007B738 /* asp-js.plist */ = {isa = PBXFileReference; fileEncoding = 4; lastKnownFileType = text.plist.xml; path = "asp-js.plist"; sourceTree = "<group>"; };
		20CB8DA41AEBD01C0007B738 /* asp-vb.plist */ = {isa = PBXFileReference; fileEncoding = 4; lastKnownFileType = text.plist.xml; path = "asp-vb.plist"; sourceTree = "<group>"; };
		20CB8DA51AEBD01C0007B738 /* aspdotnet-cs.plist */ = {isa = PBXFileReference; fileEncoding = 4; lastKnownFileType = text.plist.xml; path = "aspdotnet-cs.plist"; sourceTree = "<group>"; };
		20CB8DA61AEBD01C0007B738 /* aspdotnet-vb.plist */ = {isa = PBXFileReference; fileEncoding = 4; lastKnownFileType = text.plist.xml; path = "aspdotnet-vb.plist"; sourceTree = "<group>"; };
		20CB8DA71AEBD01C0007B738 /* awk.plist */ = {isa = PBXFileReference; fileEncoding = 4; lastKnownFileType = text.plist.xml; path = awk.plist; sourceTree = "<group>"; };
		20CB8DA81AEBD01C0007B738 /* batch.plist */ = {isa = PBXFileReference; fileEncoding = 4; lastKnownFileType = text.plist.xml; path = batch.plist; sourceTree = "<group>"; };
		20CB8DA91AEBD01C0007B738 /* c.plist */ = {isa = PBXFileReference; fileEncoding = 4; lastKnownFileType = text.plist.xml; path = c.plist; sourceTree = "<group>"; };
		20CB8DAA1AEBD01C0007B738 /* cobol.plist */ = {isa = PBXFileReference; fileEncoding = 4; lastKnownFileType = text.plist.xml; path = cobol.plist; sourceTree = "<group>"; };
		20CB8DAB1AEBD01C0007B738 /* coldfusion.plist */ = {isa = PBXFileReference; fileEncoding = 4; lastKnownFileType = text.plist.xml; path = coldfusion.plist; sourceTree = "<group>"; };
		20CB8DAC1AEBD01C0007B738 /* cpp.plist */ = {isa = PBXFileReference; fileEncoding = 4; lastKnownFileType = text.plist.xml; path = cpp.plist; sourceTree = "<group>"; };
		20CB8DAD1AEBD01C0007B738 /* csharp.plist */ = {isa = PBXFileReference; fileEncoding = 4; lastKnownFileType = text.plist.xml; path = csharp.plist; sourceTree = "<group>"; };
		20CB8DAE1AEBD01C0007B738 /* csound.plist */ = {isa = PBXFileReference; fileEncoding = 4; lastKnownFileType = text.plist.xml; path = csound.plist; sourceTree = "<group>"; };
		20CB8DAF1AEBD01C0007B738 /* css.plist */ = {isa = PBXFileReference; fileEncoding = 4; lastKnownFileType = text.plist.xml; path = css.plist; sourceTree = "<group>"; };
		20CB8DB01AEBD01C0007B738 /* d.plist */ = {isa = PBXFileReference; fileEncoding = 4; lastKnownFileType = text.plist.xml; path = d.plist; sourceTree = "<group>"; };
		20CB8DB11AEBD01C0007B738 /* dylan.plist */ = {isa = PBXFileReference; fileEncoding = 4; lastKnownFileType = text.plist.xml; path = dylan.plist; sourceTree = "<group>"; };
		20CB8DB21AEBD01C0007B738 /* eiffel.plist */ = {isa = PBXFileReference; fileEncoding = 4; lastKnownFileType = text.plist.xml; path = eiffel.plist; sourceTree = "<group>"; };
		20CB8DB31AEBD01C0007B738 /* erl.plist */ = {isa = PBXFileReference; fileEncoding = 4; lastKnownFileType = text.plist.xml; path = erl.plist; sourceTree = "<group>"; };
		20CB8DB41AEBD01C0007B738 /* eztpl.plist */ = {isa = PBXFileReference; fileEncoding = 4; lastKnownFileType = text.plist.xml; path = eztpl.plist; sourceTree = "<group>"; };
		20CB8DB51AEBD01C0007B738 /* fortran.plist */ = {isa = PBXFileReference; fileEncoding = 4; lastKnownFileType = text.plist.xml; path = fortran.plist; sourceTree = "<group>"; };
		20CB8DB61AEBD01C0007B738 /* freefem.plist */ = {isa = PBXFileReference; fileEncoding = 4; lastKnownFileType = text.plist.xml; path = freefem.plist; sourceTree = "<group>"; };
		20CB8DB71AEBD01C0007B738 /* gedcom.plist */ = {isa = PBXFileReference; fileEncoding = 4; lastKnownFileType = text.plist.xml; path = gedcom.plist; sourceTree = "<group>"; };
		20CB8DB81AEBD01C0007B738 /* gnuassembler.plist */ = {isa = PBXFileReference; fileEncoding = 4; lastKnownFileType = text.plist.xml; path = gnuassembler.plist; sourceTree = "<group>"; };
		20CB8DB91AEBD01C0007B738 /* haskell.plist */ = {isa = PBXFileReference; fileEncoding = 4; lastKnownFileType = text.plist.xml; path = haskell.plist; sourceTree = "<group>"; };
		20CB8DBA1AEBD01C0007B738 /* header.plist */ = {isa = PBXFileReference; fileEncoding = 4; lastKnownFileType = text.plist.xml; path = header.plist; sourceTree = "<group>"; };
		20CB8DBB1AEBD01C0007B738 /* html.plist */ = {isa = PBXFileReference; fileEncoding = 4; lastKnownFileType = text.plist.xml; path = html.plist; sourceTree = "<group>"; };
		20CB8DBC1AEBD01C0007B738 /* idl.plist */ = {isa = PBXFileReference; fileEncoding = 4; lastKnownFileType = text.plist.xml; path = idl.plist; sourceTree = "<group>"; };
		20CB8DBD1AEBD01C0007B738 /* java.plist */ = {isa = PBXFileReference; fileEncoding = 4; lastKnownFileType = text.plist.xml; path = java.plist; sourceTree = "<group>"; };
		20CB8DBE1AEBD01C0007B738 /* javafx.plist */ = {isa = PBXFileReference; fileEncoding = 4; lastKnownFileType = text.plist.xml; path = javafx.plist; sourceTree = "<group>"; };
		20CB8DBF1AEBD01C0007B738 /* javascript.plist */ = {isa = PBXFileReference; fileEncoding = 4; lastKnownFileType = text.plist.xml; path = javascript.plist; sourceTree = "<group>"; };
		20CB8DC01AEBD01C0007B738 /* jsp.plist */ = {isa = PBXFileReference; fileEncoding = 4; lastKnownFileType = text.plist.xml; path = jsp.plist; sourceTree = "<group>"; };
		20CB8DC11AEBD01C0007B738 /* latex.plist */ = {isa = PBXFileReference; fileEncoding = 4; lastKnownFileType = text.plist.xml; path = latex.plist; sourceTree = "<group>"; };
		20CB8DC21AEBD01C0007B738 /* lilypond.plist */ = {isa = PBXFileReference; fileEncoding = 4; lastKnownFileType = text.plist.xml; path = lilypond.plist; sourceTree = "<group>"; };
		20CB8DC31AEBD01C0007B738 /* lisp.plist */ = {isa = PBXFileReference; fileEncoding = 4; lastKnownFileType = text.plist.xml; path = lisp.plist; sourceTree = "<group>"; };
		20CB8DC41AEBD01C0007B738 /* logtalk.plist */ = {isa = PBXFileReference; fileEncoding = 4; lastKnownFileType = text.plist.xml; path = logtalk.plist; sourceTree = "<group>"; };
		20CB8DC51AEBD01C0007B738 /* lsl.plist */ = {isa = PBXFileReference; fileEncoding = 4; lastKnownFileType = text.plist.xml; path = lsl.plist; sourceTree = "<group>"; };
		20CB8DC61AEBD01C0007B738 /* lua.plist */ = {isa = PBXFileReference; fileEncoding = 4; lastKnownFileType = text.plist.xml; path = lua.plist; sourceTree = "<group>"; };
		20CB8DC71AEBD01C0007B738 /* matlab.plist */ = {isa = PBXFileReference; fileEncoding = 4; lastKnownFileType = text.plist.xml; path = matlab.plist; sourceTree = "<group>"; };
		20CB8DC81AEBD01C0007B738 /* mel.plist */ = {isa = PBXFileReference; fileEncoding = 4; lastKnownFileType = text.plist.xml; path = mel.plist; sourceTree = "<group>"; };
		20CB8DC91AEBD01C0007B738 /* metapost.plist */ = {isa = PBXFileReference; fileEncoding = 4; lastKnownFileType = text.plist.xml; path = metapost.plist; sourceTree = "<group>"; };
		20CB8DCA1AEBD01C0007B738 /* metaslang.plist */ = {isa = PBXFileReference; fileEncoding = 4; lastKnownFileType = text.plist.xml; path = metaslang.plist; sourceTree = "<group>"; };
		20CB8DCB1AEBD01C0007B738 /* mysql.plist */ = {isa = PBXFileReference; fileEncoding = 4; lastKnownFileType = text.plist.xml; path = mysql.plist; sourceTree = "<group>"; };
		20CB8DCC1AEBD01C0007B738 /* nemerle.plist */ = {isa = PBXFileReference; fileEncoding = 4; lastKnownFileType = text.plist.xml; path = nemerle.plist; sourceTree = "<group>"; };
		20CB8DCD1AEBD01C0007B738 /* none.plist */ = {isa = PBXFileReference; fileEncoding = 4; lastKnownFileType = text.plist.xml; path = none.plist; sourceTree = "<group>"; };
		20CB8DCE1AEBD01C0007B738 /* nrnhoc.plist */ = {isa = PBXFileReference; fileEncoding = 4; lastKnownFileType = text.plist.xml; path = nrnhoc.plist; sourceTree = "<group>"; };
		20CB8DCF1AEBD01C0007B738 /* objectivec.plist */ = {isa = PBXFileReference; fileEncoding = 4; lastKnownFileType = text.plist.xml; path = objectivec.plist; sourceTree = "<group>"; };
		20CB8DD01AEBD01C0007B738 /* objectivecaml.plist */ = {isa = PBXFileReference; fileEncoding = 4; lastKnownFileType = text.plist.xml; path = objectivecaml.plist; sourceTree = "<group>"; };
		20CB8DD11AEBD01C0007B738 /* ox.plist */ = {isa = PBXFileReference; fileEncoding = 4; lastKnownFileType = text.plist.xml; path = ox.plist; sourceTree = "<group>"; };
		20CB8DD21AEBD01C0007B738 /* pascal.plist */ = {isa = PBXFileReference; fileEncoding = 4; lastKnownFileType = text.plist.xml; path = pascal.plist; sourceTree = "<group>"; };
		20CB8DD31AEBD01C0007B738 /* pdf.plist */ = {isa = PBXFileReference; fileEncoding = 4; lastKnownFileType = text.plist.xml; path = pdf.plist; sourceTree = "<group>"; };
		20CB8DD41AEBD01C0007B738 /* perl.plist */ = {isa = PBXFileReference; fileEncoding = 4; lastKnownFileType = text.plist.xml; path = perl.plist; sourceTree = "<group>"; };
		20CB8DD51AEBD01C0007B738 /* php.plist */ = {isa = PBXFileReference; fileEncoding = 4; lastKnownFileType = text.plist.xml; path = php.plist; sourceTree = "<group>"; };
		20CB8DD61AEBD01C0007B738 /* plist.plist */ = {isa = PBXFileReference; fileEncoding = 4; lastKnownFileType = text.plist.xml; path = plist.plist; sourceTree = "<group>"; };
		20CB8DD71AEBD01C0007B738 /* postscript.plist */ = {isa = PBXFileReference; fileEncoding = 4; lastKnownFileType = text.plist.xml; path = postscript.plist; sourceTree = "<group>"; };
		20CB8DD81AEBD01C0007B738 /* prolog.plist */ = {isa = PBXFileReference; fileEncoding = 4; lastKnownFileType = text.plist.xml; path = prolog.plist; sourceTree = "<group>"; };
		20CB8DD91AEBD01C0007B738 /* python.plist */ = {isa = PBXFileReference; fileEncoding = 4; lastKnownFileType = text.plist.xml; path = python.plist; sourceTree = "<group>"; };
		20CB8DDA1AEBD01C0007B738 /* r.plist */ = {isa = PBXFileReference; fileEncoding = 4; lastKnownFileType = text.plist.xml; path = r.plist; sourceTree = "<group>"; };
		20CB8DDB1AEBD01C0007B738 /* rhtml.plist */ = {isa = PBXFileReference; fileEncoding = 4; lastKnownFileType = text.plist.xml; path = rhtml.plist; sourceTree = "<group>"; };
		20CB8DDC1AEBD01C0007B738 /* ruby.plist */ = {isa = PBXFileReference; fileEncoding = 4; lastKnownFileType = text.plist.xml; path = ruby.plist; sourceTree = "<group>"; };
		20CB8DDD1AEBD01C0007B738 /* scala.plist */ = {isa = PBXFileReference; fileEncoding = 4; lastKnownFileType = text.plist.xml; path = scala.plist; sourceTree = "<group>"; };
		20CB8DDE1AEBD01C0007B738 /* sgml.plist */ = {isa = PBXFileReference; fileEncoding = 4; lastKnownFileType = text.plist.xml; path = sgml.plist; sourceTree = "<group>"; };
		20CB8DDF1AEBD01C0007B738 /* shell.plist */ = {isa = PBXFileReference; fileEncoding = 4; lastKnownFileType = text.plist.xml; path = shell.plist; sourceTree = "<group>"; };
		20CB8DE01AEBD01C0007B738 /* sml.plist */ = {isa = PBXFileReference; fileEncoding = 4; lastKnownFileType = text.plist.xml; path = sml.plist; sourceTree = "<group>"; };
		20CB8DE11AEBD01C0007B738 /* sql.plist */ = {isa = PBXFileReference; fileEncoding = 4; lastKnownFileType = text.plist.xml; path = sql.plist; sourceTree = "<group>"; };
		20CB8DE21AEBD01C0007B738 /* standard.plist */ = {isa = PBXFileReference; fileEncoding = 4; lastKnownFileType = text.plist.xml; path = standard.plist; sourceTree = "<group>"; };
		20CB8DE31AEBD01C0007B738 /* stata.plist */ = {isa = PBXFileReference; fileEncoding = 4; lastKnownFileType = text.plist.xml; path = stata.plist; sourceTree = "<group>"; };
		20CB8DE41AEBD01C0007B738 /* supercollider.plist */ = {isa = PBXFileReference; fileEncoding = 4; lastKnownFileType = text.plist.xml; path = supercollider.plist; sourceTree = "<group>"; };
		20CB8DE51AEBD01C0007B738 /* tcltk.plist */ = {isa = PBXFileReference; fileEncoding = 4; lastKnownFileType = text.plist.xml; path = tcltk.plist; sourceTree = "<group>"; };
		20CB8DE61AEBD01C0007B738 /* template.plist */ = {isa = PBXFileReference; fileEncoding = 4; lastKnownFileType = text.plist.xml; path = template.plist; sourceTree = "<group>"; };
		20CB8DE71AEBD01C0007B738 /* torquescript.plist */ = {isa = PBXFileReference; fileEncoding = 4; lastKnownFileType = text.plist.xml; path = torquescript.plist; sourceTree = "<group>"; };
		20CB8DE81AEBD01C0007B738 /* udo.plist */ = {isa = PBXFileReference; fileEncoding = 4; lastKnownFileType = text.plist.xml; path = udo.plist; sourceTree = "<group>"; };
		20CB8DE91AEBD01C0007B738 /* vb.plist */ = {isa = PBXFileReference; fileEncoding = 4; lastKnownFileType = text.plist.xml; path = vb.plist; sourceTree = "<group>"; };
		20CB8DEA1AEBD01C0007B738 /* verilog.plist */ = {isa = PBXFileReference; fileEncoding = 4; lastKnownFileType = text.plist.xml; path = verilog.plist; sourceTree = "<group>"; };
		20CB8DEB1AEBD01C0007B738 /* vhdl.plist */ = {isa = PBXFileReference; fileEncoding = 4; lastKnownFileType = text.plist.xml; path = vhdl.plist; sourceTree = "<group>"; };
		20CB8DEC1AEBD01C0007B738 /* xml.plist */ = {isa = PBXFileReference; fileEncoding = 4; lastKnownFileType = text.plist.xml; path = xml.plist; sourceTree = "<group>"; };
		20CB8E411AEBD0460007B738 /* RegexHighlightView.h */ = {isa = PBXFileReference; fileEncoding = 4; lastKnownFileType = sourcecode.c.h; path = RegexHighlightView.h; sourceTree = "<group>"; };
		20CB8E421AEBD0460007B738 /* RegexHighlightView.m */ = {isa = PBXFileReference; fileEncoding = 4; lastKnownFileType = sourcecode.c.objc; path = RegexHighlightView.m; sourceTree = "<group>"; };
		20CB8E441AEBD07E0007B738 /* RegexConstants.h */ = {isa = PBXFileReference; fileEncoding = 4; lastKnownFileType = sourcecode.c.h; path = RegexConstants.h; sourceTree = "<group>"; };
		20CB8E451AEBD07E0007B738 /* RegexConstants.m */ = {isa = PBXFileReference; fileEncoding = 4; lastKnownFileType = sourcecode.c.objc; path = RegexConstants.m; sourceTree = "<group>"; };
		20CB8E471AEBD1390007B738 /* RegexDrawView.h */ = {isa = PBXFileReference; fileEncoding = 4; lastKnownFileType = sourcecode.c.h; path = RegexDrawView.h; sourceTree = "<group>"; };
		20CB8E481AEBD1390007B738 /* RegexDrawView.m */ = {isa = PBXFileReference; fileEncoding = 4; lastKnownFileType = sourcecode.c.objc; path = RegexDrawView.m; sourceTree = "<group>"; };
		20CB8E4C1AEBD5770007B738 /* Languages.plist */ = {isa = PBXFileReference; fileEncoding = 4; lastKnownFileType = text.plist.xml; path = Languages.plist; sourceTree = "<group>"; };
		20E8FE461AEDC0590020CC20 /* Images.xcassets */ = {isa = PBXFileReference; lastKnownFileType = folder.assetcatalog; path = Images.xcassets; sourceTree = "<group>"; };
		F790108015F014D200C297D7 /* Regex Highlight View.app */ = {isa = PBXFileReference; explicitFileType = wrapper.application; includeInIndex = 0; path = "Regex Highlight View.app"; sourceTree = BUILT_PRODUCTS_DIR; };
		F790108415F014D200C297D7 /* UIKit.framework */ = {isa = PBXFileReference; lastKnownFileType = wrapper.framework; name = UIKit.framework; path = System/Library/Frameworks/UIKit.framework; sourceTree = SDKROOT; };
		F790108615F014D200C297D7 /* Foundation.framework */ = {isa = PBXFileReference; lastKnownFileType = wrapper.framework; name = Foundation.framework; path = System/Library/Frameworks/Foundation.framework; sourceTree = SDKROOT; };
		F790108815F014D200C297D7 /* CoreGraphics.framework */ = {isa = PBXFileReference; lastKnownFileType = wrapper.framework; name = CoreGraphics.framework; path = System/Library/Frameworks/CoreGraphics.framework; sourceTree = SDKROOT; };
		F790114D15F016AE00C297D7 /* CoreText.framework */ = {isa = PBXFileReference; lastKnownFileType = wrapper.framework; name = CoreText.framework; path = System/Library/Frameworks/CoreText.framework; sourceTree = SDKROOT; };
/* End PBXFileReference section */

/* Begin PBXFrameworksBuildPhase section */
		F790107D15F014D200C297D7 /* Frameworks */ = {
			isa = PBXFrameworksBuildPhase;
			buildActionMask = 2147483647;
			files = (
				F790114E15F016AE00C297D7 /* CoreText.framework in Frameworks */,
				F790108515F014D200C297D7 /* UIKit.framework in Frameworks */,
				F790108715F014D200C297D7 /* Foundation.framework in Frameworks */,
				F790108915F014D200C297D7 /* CoreGraphics.framework in Frameworks */,
			);
			runOnlyForDeploymentPostprocessing = 0;
		};
/* End PBXFrameworksBuildPhase section */

/* Begin PBXGroup section */
		20CB8D961AEBD01C0007B738 /* RegexHighlightView */ = {
			isa = PBXGroup;
			children = (
				20CB8E441AEBD07E0007B738 /* RegexConstants.h */,
				20CB8E451AEBD07E0007B738 /* RegexConstants.m */,
				20CB8E411AEBD0460007B738 /* RegexHighlightView.h */,
				20CB8E421AEBD0460007B738 /* RegexHighlightView.m */,
				20CB8D971AEBD01C0007B738 /* RegexTextView.h */,
				20CB8D981AEBD01C0007B738 /* RegexTextView.m */,
				20CB8E471AEBD1390007B738 /* RegexDrawView.h */,
				20CB8E481AEBD1390007B738 /* RegexDrawView.m */,
				20CB8E4C1AEBD5770007B738 /* Languages.plist */,
				20CB8D991AEBD01C0007B738 /* Syntax Definitions */,
			);
			path = RegexHighlightView;
			sourceTree = SOURCE_ROOT;
		};
		20CB8D991AEBD01C0007B738 /* Syntax Definitions */ = {
			isa = PBXGroup;
			children = (
				20CB8D9A1AEBD01C0007B738 /* actionscript.plist */,
				20CB8D9B1AEBD01C0007B738 /* actionscript3.plist */,
				20CB8D9C1AEBD01C0007B738 /* active4d.plist */,
				20CB8D9D1AEBD01C0007B738 /* ada.plist */,
				20CB8D9E1AEBD01C0007B738 /* ampl.plist */,
				20CB8D9F1AEBD01C0007B738 /* apache.plist */,
				20CB8DA01AEBD01C0007B738 /* applescript.plist */,
				20CB8DA11AEBD01C0007B738 /* asm-mips.plist */,
				20CB8DA21AEBD01C0007B738 /* asm-x86.plist */,
				20CB8DA31AEBD01C0007B738 /* asp-js.plist */,
				20CB8DA41AEBD01C0007B738 /* asp-vb.plist */,
				20CB8DA51AEBD01C0007B738 /* aspdotnet-cs.plist */,
				20CB8DA61AEBD01C0007B738 /* aspdotnet-vb.plist */,
				20CB8DA71AEBD01C0007B738 /* awk.plist */,
				20CB8DA81AEBD01C0007B738 /* batch.plist */,
				20CB8DA91AEBD01C0007B738 /* c.plist */,
				20CB8DAA1AEBD01C0007B738 /* cobol.plist */,
				20CB8DAB1AEBD01C0007B738 /* coldfusion.plist */,
				20CB8DAC1AEBD01C0007B738 /* cpp.plist */,
				20CB8DAD1AEBD01C0007B738 /* csharp.plist */,
				20CB8DAE1AEBD01C0007B738 /* csound.plist */,
				20CB8DAF1AEBD01C0007B738 /* css.plist */,
				20CB8DB01AEBD01C0007B738 /* d.plist */,
				20CB8DB11AEBD01C0007B738 /* dylan.plist */,
				20CB8DB21AEBD01C0007B738 /* eiffel.plist */,
				20CB8DB31AEBD01C0007B738 /* erl.plist */,
				20CB8DB41AEBD01C0007B738 /* eztpl.plist */,
				20CB8DB51AEBD01C0007B738 /* fortran.plist */,
				20CB8DB61AEBD01C0007B738 /* freefem.plist */,
				20CB8DB71AEBD01C0007B738 /* gedcom.plist */,
				20CB8DB81AEBD01C0007B738 /* gnuassembler.plist */,
				20CB8DB91AEBD01C0007B738 /* haskell.plist */,
				20CB8DBA1AEBD01C0007B738 /* header.plist */,
				20CB8DBB1AEBD01C0007B738 /* html.plist */,
				20CB8DBC1AEBD01C0007B738 /* idl.plist */,
				20CB8DBD1AEBD01C0007B738 /* java.plist */,
				20CB8DBE1AEBD01C0007B738 /* javafx.plist */,
				20CB8DBF1AEBD01C0007B738 /* javascript.plist */,
				20CB8DC01AEBD01C0007B738 /* jsp.plist */,
				20CB8DC11AEBD01C0007B738 /* latex.plist */,
				20CB8DC21AEBD01C0007B738 /* lilypond.plist */,
				20CB8DC31AEBD01C0007B738 /* lisp.plist */,
				20CB8DC41AEBD01C0007B738 /* logtalk.plist */,
				20CB8DC51AEBD01C0007B738 /* lsl.plist */,
				20CB8DC61AEBD01C0007B738 /* lua.plist */,
				20CB8DC71AEBD01C0007B738 /* matlab.plist */,
				20CB8DC81AEBD01C0007B738 /* mel.plist */,
				20CB8DC91AEBD01C0007B738 /* metapost.plist */,
				20CB8DCA1AEBD01C0007B738 /* metaslang.plist */,
				20CB8DCB1AEBD01C0007B738 /* mysql.plist */,
				20CB8DCC1AEBD01C0007B738 /* nemerle.plist */,
				20CB8DCD1AEBD01C0007B738 /* none.plist */,
				20CB8DCE1AEBD01C0007B738 /* nrnhoc.plist */,
				20CB8DCF1AEBD01C0007B738 /* objectivec.plist */,
				20CB8DD01AEBD01C0007B738 /* objectivecaml.plist */,
				20CB8DD11AEBD01C0007B738 /* ox.plist */,
				20CB8DD21AEBD01C0007B738 /* pascal.plist */,
				20CB8DD31AEBD01C0007B738 /* pdf.plist */,
				20CB8DD41AEBD01C0007B738 /* perl.plist */,
				20CB8DD51AEBD01C0007B738 /* php.plist */,
				20CB8DD61AEBD01C0007B738 /* plist.plist */,
				20CB8DD71AEBD01C0007B738 /* postscript.plist */,
				20CB8DD81AEBD01C0007B738 /* prolog.plist */,
				20CB8DD91AEBD01C0007B738 /* python.plist */,
				20CB8DDA1AEBD01C0007B738 /* r.plist */,
				20CB8DDB1AEBD01C0007B738 /* rhtml.plist */,
				20CB8DDC1AEBD01C0007B738 /* ruby.plist */,
				20CB8DDD1AEBD01C0007B738 /* scala.plist */,
				20CB8DDE1AEBD01C0007B738 /* sgml.plist */,
				20CB8DDF1AEBD01C0007B738 /* shell.plist */,
				20CB8DE01AEBD01C0007B738 /* sml.plist */,
				20CB8DE11AEBD01C0007B738 /* sql.plist */,
				20CB8DE21AEBD01C0007B738 /* standard.plist */,
				20CB8DE31AEBD01C0007B738 /* stata.plist */,
				20CB8DE41AEBD01C0007B738 /* supercollider.plist */,
				20CB8DE51AEBD01C0007B738 /* tcltk.plist */,
				20CB8DE61AEBD01C0007B738 /* template.plist */,
				20CB8DE71AEBD01C0007B738 /* torquescript.plist */,
				20CB8DE81AEBD01C0007B738 /* udo.plist */,
				20CB8DE91AEBD01C0007B738 /* vb.plist */,
				20CB8DEA1AEBD01C0007B738 /* verilog.plist */,
				20CB8DEB1AEBD01C0007B738 /* vhdl.plist */,
				20CB8DEC1AEBD01C0007B738 /* xml.plist */,
			);
			path = "Syntax Definitions";
			sourceTree = "<group>";
		};
		F790107515F014D100C297D7 = {
			isa = PBXGroup;
			children = (
				F790108A15F014D200C297D7 /* Regex Highlight View Demo */,
				F790108315F014D200C297D7 /* Frameworks */,
				F790108115F014D200C297D7 /* Products */,
			);
			sourceTree = "<group>";
		};
		F790108115F014D200C297D7 /* Products */ = {
			isa = PBXGroup;
			children = (
				F790108015F014D200C297D7 /* Regex Highlight View.app */,
			);
			name = Products;
			sourceTree = "<group>";
		};
		F790108315F014D200C297D7 /* Frameworks */ = {
			isa = PBXGroup;
			children = (
				F790114D15F016AE00C297D7 /* CoreText.framework */,
				F790108415F014D200C297D7 /* UIKit.framework */,
				F790108615F014D200C297D7 /* Foundation.framework */,
				F790108815F014D200C297D7 /* CoreGraphics.framework */,
			);
			name = Frameworks;
			sourceTree = "<group>";
		};
		F790108A15F014D200C297D7 /* Regex Highlight View Demo */ = {
			isa = PBXGroup;
			children = (
				20CB8D831AEBCFBD0007B738 /* AppDelegate.h */,
				20CB8D841AEBCFBD0007B738 /* AppDelegate.m */,
				20CB8D861AEBCFC40007B738 /* ViewController.h */,
				20CB8D871AEBCFC40007B738 /* ViewController.m */,
				20CB8D961AEBD01C0007B738 /* RegexHighlightView */,
				20E8FE461AEDC0590020CC20 /* Images.xcassets */,
				F790108B15F014D200C297D7 /* Supporting Files */,
			);
			name = "Regex Highlight View Demo";
			path = "Regex Highlight View";
			sourceTree = "<group>";
		};
		F790108B15F014D200C297D7 /* Supporting Files */ = {
			isa = PBXGroup;
			children = (
				20CB8D941AEBCFF30007B738 /* Regex Highlight View-Info.plist */,
				20CB8D891AEBCFE30007B738 /* InfoPlist.strings */,
				20CB8D801AEBCFAF0007B738 /* main.m */,
				20CB8D821AEBCFB60007B738 /* Regex Highlight View-Prefix.pch */,
			);
			name = "Supporting Files";
			sourceTree = "<group>";
		};
/* End PBXGroup section */

/* Begin PBXNativeTarget section */
		F790107F15F014D200C297D7 /* Regex Highlight View */ = {
			isa = PBXNativeTarget;
			buildConfigurationList = F79010A115F014D300C297D7 /* Build configuration list for PBXNativeTarget "Regex Highlight View" */;
			buildPhases = (
				F790107C15F014D200C297D7 /* Sources */,
				F790107D15F014D200C297D7 /* Frameworks */,
				F790107E15F014D200C297D7 /* Resources */,
			);
			buildRules = (
			);
			dependencies = (
			);
			name = "Regex Highlight View";
			productName = "Regex Highlight View";
			productReference = F790108015F014D200C297D7 /* Regex Highlight View.app */;
			productType = "com.apple.product-type.application";
		};
/* End PBXNativeTarget section */

/* Begin PBXProject section */
		F790107715F014D100C297D7 /* Project object */ = {
			isa = PBXProject;
			attributes = {
				LastUpgradeCheck = 0630;
			};
			buildConfigurationList = F790107A15F014D100C297D7 /* Build configuration list for PBXProject "Regex Highlight View" */;
			compatibilityVersion = "Xcode 3.2";
			developmentRegion = English;
			hasScannedForEncodings = 0;
			knownRegions = (
				en,
			);
			mainGroup = F790107515F014D100C297D7;
			productRefGroup = F790108115F014D200C297D7 /* Products */;
			projectDirPath = "";
			projectRoot = "";
			targets = (
				F790107F15F014D200C297D7 /* Regex Highlight View */,
			);
		};
/* End PBXProject section */

/* Begin PBXResourcesBuildPhase section */
		F790107E15F014D200C297D7 /* Resources */ = {
			isa = PBXResourcesBuildPhase;
			buildActionMask = 2147483647;
			files = (
				20CB8E031AEBD01C0007B738 /* css.plist in Resources */,
				20CB8E0D1AEBD01C0007B738 /* haskell.plist in Resources */,
				20CB8E121AEBD01C0007B738 /* javafx.plist in Resources */,
				20CB8E141AEBD01C0007B738 /* jsp.plist in Resources */,
				20CB8E2C1AEBD01C0007B738 /* prolog.plist in Resources */,
				20CB8DF61AEBD01C0007B738 /* asm-x86.plist in Resources */,
				20CB8DEF1AEBD01C0007B738 /* actionscript3.plist in Resources */,
				20CB8E351AEBD01C0007B738 /* sql.plist in Resources */,
				20CB8E071AEBD01C0007B738 /* erl.plist in Resources */,
				20CB8E391AEBD01C0007B738 /* tcltk.plist in Resources */,
				20CB8DFD1AEBD01C0007B738 /* c.plist in Resources */,
				20CB8E251AEBD01C0007B738 /* ox.plist in Resources */,
				20CB8E091AEBD01C0007B738 /* fortran.plist in Resources */,
				20CB8E361AEBD01C0007B738 /* standard.plist in Resources */,
				20CB8E1B1AEBD01C0007B738 /* matlab.plist in Resources */,
				20CB8DFA1AEBD01C0007B738 /* aspdotnet-vb.plist in Resources */,
				20CB8E0C1AEBD01C0007B738 /* gnuassembler.plist in Resources */,
				20CB8E3D1AEBD01C0007B738 /* vb.plist in Resources */,
				20CB8E271AEBD01C0007B738 /* pdf.plist in Resources */,
				20CB8DF11AEBD01C0007B738 /* ada.plist in Resources */,
				20CB8E001AEBD01C0007B738 /* cpp.plist in Resources */,
				20CB8DF71AEBD01C0007B738 /* asp-js.plist in Resources */,
				20CB8E0F1AEBD01C0007B738 /* html.plist in Resources */,
				20CB8E371AEBD01C0007B738 /* stata.plist in Resources */,
				20CB8E311AEBD01C0007B738 /* scala.plist in Resources */,
				20CB8E1E1AEBD01C0007B738 /* metaslang.plist in Resources */,
				20CB8E111AEBD01C0007B738 /* java.plist in Resources */,
				20CB8E381AEBD01C0007B738 /* supercollider.plist in Resources */,
				20CB8DEE1AEBD01C0007B738 /* actionscript.plist in Resources */,
				20CB8E281AEBD01C0007B738 /* perl.plist in Resources */,
				20CB8E3B1AEBD01C0007B738 /* torquescript.plist in Resources */,
				20CB8E231AEBD01C0007B738 /* objectivec.plist in Resources */,
				20CB8DF91AEBD01C0007B738 /* aspdotnet-cs.plist in Resources */,
				20CB8DF01AEBD01C0007B738 /* active4d.plist in Resources */,
				20CB8E201AEBD01C0007B738 /* nemerle.plist in Resources */,
				20CB8E261AEBD01C0007B738 /* pascal.plist in Resources */,
				20CB8E241AEBD01C0007B738 /* objectivecaml.plist in Resources */,
				20CB8E181AEBD01C0007B738 /* logtalk.plist in Resources */,
				20CB8E041AEBD01C0007B738 /* d.plist in Resources */,
				20CB8DFF1AEBD01C0007B738 /* coldfusion.plist in Resources */,
				20CB8E3A1AEBD01C0007B738 /* template.plist in Resources */,
				20CB8E3E1AEBD01C0007B738 /* verilog.plist in Resources */,
				20CB8E101AEBD01C0007B738 /* idl.plist in Resources */,
				20CB8E1A1AEBD01C0007B738 /* lua.plist in Resources */,
				20CB8DF51AEBD01C0007B738 /* asm-mips.plist in Resources */,
				20CB8DFC1AEBD01C0007B738 /* batch.plist in Resources */,
				20CB8E301AEBD01C0007B738 /* ruby.plist in Resources */,
				20CB8E4D1AEBD5770007B738 /* Languages.plist in Resources */,
				20CB8E151AEBD01C0007B738 /* latex.plist in Resources */,
				20CB8DF41AEBD01C0007B738 /* applescript.plist in Resources */,
				20CB8D8B1AEBCFE30007B738 /* InfoPlist.strings in Resources */,
				20CB8E131AEBD01C0007B738 /* javascript.plist in Resources */,
				20CB8E1C1AEBD01C0007B738 /* mel.plist in Resources */,
				20CB8E081AEBD01C0007B738 /* eztpl.plist in Resources */,
				20CB8E161AEBD01C0007B738 /* lilypond.plist in Resources */,
				20CB8E221AEBD01C0007B738 /* nrnhoc.plist in Resources */,
				20CB8E2A1AEBD01C0007B738 /* plist.plist in Resources */,
				20CB8E011AEBD01C0007B738 /* csharp.plist in Resources */,
				20CB8E1F1AEBD01C0007B738 /* mysql.plist in Resources */,
				20CB8E401AEBD01C0007B738 /* xml.plist in Resources */,
				20CB8E331AEBD01C0007B738 /* shell.plist in Resources */,
				20CB8DF21AEBD01C0007B738 /* ampl.plist in Resources */,
				20CB8E2F1AEBD01C0007B738 /* rhtml.plist in Resources */,
				20CB8E2B1AEBD01C0007B738 /* postscript.plist in Resources */,
				20CB8E3C1AEBD01C0007B738 /* udo.plist in Resources */,
				20CB8D951AEBCFF30007B738 /* Regex Highlight View-Info.plist in Resources */,
				20CB8DFE1AEBD01C0007B738 /* cobol.plist in Resources */,
				20CB8E1D1AEBD01C0007B738 /* metapost.plist in Resources */,
				20CB8E2E1AEBD01C0007B738 /* r.plist in Resources */,
				20CB8E171AEBD01C0007B738 /* lisp.plist in Resources */,
				20CB8E191AEBD01C0007B738 /* lsl.plist in Resources */,
				20CB8E0B1AEBD01C0007B738 /* gedcom.plist in Resources */,
				20CB8E341AEBD01C0007B738 /* sml.plist in Resources */,
				20CB8E051AEBD01C0007B738 /* dylan.plist in Resources */,
				20CB8E0E1AEBD01C0007B738 /* header.plist in Resources */,
				20CB8E2D1AEBD01C0007B738 /* python.plist in Resources */,
				20CB8E321AEBD01C0007B738 /* sgml.plist in Resources */,
				20CB8E021AEBD01C0007B738 /* csound.plist in Resources */,
				20CB8E291AEBD01C0007B738 /* php.plist in Resources */,
				20CB8E3F1AEBD01C0007B738 /* vhdl.plist in Resources */,
				20CB8E211AEBD01C0007B738 /* none.plist in Resources */,
				20CB8DFB1AEBD01C0007B738 /* awk.plist in Resources */,
				20CB8DF31AEBD01C0007B738 /* apache.plist in Resources */,
				20CB8DF81AEBD01C0007B738 /* asp-vb.plist in Resources */,
				20E8FE471AEDC0590020CC20 /* Images.xcassets in Resources */,
				20CB8E061AEBD01C0007B738 /* eiffel.plist in Resources */,
				20CB8E0A1AEBD01C0007B738 /* freefem.plist in Resources */,
			);
			runOnlyForDeploymentPostprocessing = 0;
		};
/* End PBXResourcesBuildPhase section */

/* Begin PBXSourcesBuildPhase section */
		F790107C15F014D200C297D7 /* Sources */ = {
			isa = PBXSourcesBuildPhase;
			buildActionMask = 2147483647;
			files = (
				20CB8D811AEBCFAF0007B738 /* main.m in Sources */,
				20CB8DED1AEBD01C0007B738 /* RegexTextView.m in Sources */,
				20CB8D851AEBCFBD0007B738 /* AppDelegate.m in Sources */,
				20CB8E461AEBD07E0007B738 /* RegexConstants.m in Sources */,
				20CB8E491AEBD1390007B738 /* RegexDrawView.m in Sources */,
				20CB8E431AEBD0460007B738 /* RegexHighlightView.m in Sources */,
				20CB8D881AEBCFC40007B738 /* ViewController.m in Sources */,
			);
			runOnlyForDeploymentPostprocessing = 0;
		};
/* End PBXSourcesBuildPhase section */

/* Begin PBXVariantGroup section */
		20CB8D891AEBCFE30007B738 /* InfoPlist.strings */ = {
			isa = PBXVariantGroup;
			children = (
				20CB8D8A1AEBCFE30007B738 /* en */,
			);
			name = InfoPlist.strings;
			sourceTree = "<group>";
		};
/* End PBXVariantGroup section */

/* Begin XCBuildConfiguration section */
		F790109F15F014D300C297D7 /* Debug */ = {
			isa = XCBuildConfiguration;
			buildSettings = {
				ALWAYS_SEARCH_USER_PATHS = NO;
				CLANG_ENABLE_OBJC_ARC = YES;
				CLANG_WARN_BOOL_CONVERSION = YES;
				CLANG_WARN_CONSTANT_CONVERSION = YES;
				CLANG_WARN_EMPTY_BODY = YES;
				CLANG_WARN_ENUM_CONVERSION = YES;
				CLANG_WARN_INT_CONVERSION = YES;
				CLANG_WARN_UNREACHABLE_CODE = YES;
				CLANG_WARN__DUPLICATE_METHOD_MATCH = YES;
				"CODE_SIGN_IDENTITY[sdk=iphoneos*]" = "iPhone Developer";
				COPY_PHASE_STRIP = NO;
				ENABLE_STRICT_OBJC_MSGSEND = YES;
				GCC_C_LANGUAGE_STANDARD = gnu99;
				GCC_DYNAMIC_NO_PIC = NO;
				GCC_NO_COMMON_BLOCKS = YES;
				GCC_OPTIMIZATION_LEVEL = 0;
				GCC_PREPROCESSOR_DEFINITIONS = (
					"DEBUG=1",
					"$(inherited)",
				);
				GCC_SYMBOLS_PRIVATE_EXTERN = NO;
				GCC_VERSION = com.apple.compilers.llvm.clang.1_0;
				GCC_WARN_64_TO_32_BIT_CONVERSION = YES;
				GCC_WARN_ABOUT_RETURN_TYPE = YES;
				GCC_WARN_UNDECLARED_SELECTOR = YES;
				GCC_WARN_UNINITIALIZED_AUTOS = YES;
				GCC_WARN_UNUSED_FUNCTION = YES;
				GCC_WARN_UNUSED_VARIABLE = YES;
				IPHONEOS_DEPLOYMENT_TARGET = 5.1;
				ONLY_ACTIVE_ARCH = YES;
				SDKROOT = iphoneos;
				TARGETED_DEVICE_FAMILY = "1,2";
			};
			name = Debug;
		};
		F79010A015F014D300C297D7 /* Release */ = {
			isa = XCBuildConfiguration;
			buildSettings = {
				ALWAYS_SEARCH_USER_PATHS = NO;
				CLANG_ENABLE_OBJC_ARC = YES;
				CLANG_WARN_BOOL_CONVERSION = YES;
				CLANG_WARN_CONSTANT_CONVERSION = YES;
				CLANG_WARN_EMPTY_BODY = YES;
				CLANG_WARN_ENUM_CONVERSION = YES;
				CLANG_WARN_INT_CONVERSION = YES;
				CLANG_WARN_UNREACHABLE_CODE = YES;
				CLANG_WARN__DUPLICATE_METHOD_MATCH = YES;
				"CODE_SIGN_IDENTITY[sdk=iphoneos*]" = "iPhone Developer";
				COPY_PHASE_STRIP = YES;
				ENABLE_STRICT_OBJC_MSGSEND = YES;
				GCC_C_LANGUAGE_STANDARD = gnu99;
				GCC_NO_COMMON_BLOCKS = YES;
				GCC_VERSION = com.apple.compilers.llvm.clang.1_0;
				GCC_WARN_64_TO_32_BIT_CONVERSION = YES;
				GCC_WARN_ABOUT_RETURN_TYPE = YES;
				GCC_WARN_UNDECLARED_SELECTOR = YES;
				GCC_WARN_UNINITIALIZED_AUTOS = YES;
				GCC_WARN_UNUSED_FUNCTION = YES;
				GCC_WARN_UNUSED_VARIABLE = YES;
				IPHONEOS_DEPLOYMENT_TARGET = 5.1;
				OTHER_CFLAGS = "-DNS_BLOCK_ASSERTIONS=1";
				SDKROOT = iphoneos;
				TARGETED_DEVICE_FAMILY = "1,2";
				VALIDATE_PRODUCT = YES;
			};
			name = Release;
		};
		F79010A215F014D300C297D7 /* Debug */ = {
			isa = XCBuildConfiguration;
			buildSettings = {
				ASSETCATALOG_COMPILER_APPICON_NAME = AppIcon;
				ASSETCATALOG_COMPILER_LAUNCHIMAGE_NAME = LaunchImage;
				CLANG_ENABLE_MODULES = YES;
				CLANG_ENABLE_OBJC_ARC = YES;
				DEFINES_MODULE = NO;
				GCC_PRECOMPILE_PREFIX_HEADER = YES;
				GCC_PREFIX_HEADER = "Demo/Regex Highlight View-Prefix.pch";
				INFOPLIST_FILE = "Demo/Regex Highlight View-Info.plist";
				PRODUCT_NAME = "$(TARGET_NAME)";
				WRAPPER_EXTENSION = app;
			};
			name = Debug;
		};
		F79010A315F014D300C297D7 /* Release */ = {
			isa = XCBuildConfiguration;
			buildSettings = {
				ASSETCATALOG_COMPILER_APPICON_NAME = AppIcon;
				ASSETCATALOG_COMPILER_LAUNCHIMAGE_NAME = LaunchImage;
				CLANG_ENABLE_MODULES = YES;
				CLANG_ENABLE_OBJC_ARC = YES;
				DEFINES_MODULE = NO;
				GCC_PRECOMPILE_PREFIX_HEADER = YES;
				GCC_PREFIX_HEADER = "Demo/Regex Highlight View-Prefix.pch";
				INFOPLIST_FILE = "Demo/Regex Highlight View-Info.plist";
				PRODUCT_NAME = "$(TARGET_NAME)";
				WRAPPER_EXTENSION = app;
			};
			name = Release;
		};
/* End XCBuildConfiguration section */

/* Begin XCConfigurationList section */
		F790107A15F014D100C297D7 /* Build configuration list for PBXProject "Regex Highlight View" */ = {
			isa = XCConfigurationList;
			buildConfigurations = (
				F790109F15F014D300C297D7 /* Debug */,
				F79010A015F014D300C297D7 /* Release */,
			);
			defaultConfigurationIsVisible = 0;
			defaultConfigurationName = Release;
		};
		F79010A115F014D300C297D7 /* Build configuration list for PBXNativeTarget "Regex Highlight View" */ = {
			isa = XCConfigurationList;
			buildConfigurations = (
				F79010A215F014D300C297D7 /* Debug */,
				F79010A315F014D300C297D7 /* Release */,
			);
			defaultConfigurationIsVisible = 0;
			defaultConfigurationName = Release;
		};
/* End XCConfigurationList section */
	};
	rootObject = F790107715F014D100C297D7 /* Project object */;
}
